
Microsoft Visual Studio Solution File, Format Version 12.00
# Visual Studio 15
VisualStudioVersion = 15.0.27703.2000
MinimumVisualStudioVersion = 10.0.40219.1
Project("{FAE04EC0-301F-11D3-BF4B-00C04F79EFBC}") = "ToolSQL", "ToolSQL\ToolSQL.csproj", "{B716B590-0609-4839-82E0-9E1CCC04A8DD}"
EndProject
Global
	GlobalSection(SolutionConfigurationPlatforms) = preSolution
		Debug|Any CPU = Debug|Any CPU
		Release|Any CPU = Release|Any CPU
	EndGlobalSection
	GlobalSection(ProjectConfigurationPlatforms) = postSolution
		{B716B590-0609-4839-82E0-9E1CCC04A8DD}.Debug|Any CPU.ActiveCfg = Debug|Any CPU
		{B716B590-0609-4839-82E0-9E1CCC04A8DD}.Debug|Any CPU.Build.0 = Debug|Any CPU
		{B716B590-0609-4839-82E0-9E1CCC04A8DD}.Release|Any CPU.ActiveCfg = Release|Any CPU
		{B716B590-0609-4839-82E0-9E1CCC04A8DD}.Release|Any CPU.Build.0 = Release|Any CPU
	EndGlobalSection
	GlobalSection(SolutionProperties) = preSolution
		HideSolutionNode = FALSE
	EndGlobalSection
	GlobalSection(ExtensibilityGlobals) = postSolution
		SolutionGuid = {CE3C76BE-39C7-45B7-8FA9-A3445991D7E1}
	EndGlobalSection
EndGlobal
